
Microsoft Visual Studio Solution File, Format Version 12.00
# Visual Studio Version 17
VisualStudioVersion = 17.8.34525.116
MinimumVisualStudioVersion = 10.0.40219.1
Project("{FAE04EC0-301F-11D3-BF4B-00C04F79EFBC}") = "TW_WebSite", "TW_WebSite.csproj", "{AC0C75B4-6264-4BEF-BBDC-FC0A9464BE14}"
EndProject
Project("{FAE04EC0-301F-11D3-BF4B-00C04F79EFBC}") = "eUseControll.Business", "eUseControll.Business\eUseControll.Business.csproj", "{684313B0-D26D-4592-AFCB-FD6C4400602A}"
EndProject
Global
	GlobalSection(SolutionConfigurationPlatforms) = preSolution
		Debug|Any CPU = Debug|Any CPU
		Release|Any CPU = Release|Any CPU
	EndGlobalSection
	GlobalSection(ProjectConfigurationPlatforms) = postSolution
		{AC0C75B4-6264-4BEF-BBDC-FC0A9464BE14}.Debug|Any CPU.ActiveCfg = Debug|Any CPU
		{AC0C75B4-6264-4BEF-BBDC-FC0A9464BE14}.Debug|Any CPU.Build.0 = Debug|Any CPU
		{AC0C75B4-6264-4BEF-BBDC-FC0A9464BE14}.Release|Any CPU.ActiveCfg = Release|Any CPU
		{AC0C75B4-6264-4BEF-BBDC-FC0A9464BE14}.Release|Any CPU.Build.0 = Release|Any CPU
		{684313B0-D26D-4592-AFCB-FD6C4400602A}.Debug|Any CPU.ActiveCfg = Debug|Any CPU
		{684313B0-D26D-4592-AFCB-FD6C4400602A}.Debug|Any CPU.Build.0 = Debug|Any CPU
		{684313B0-D26D-4592-AFCB-FD6C4400602A}.Release|Any CPU.ActiveCfg = Release|Any CPU
		{684313B0-D26D-4592-AFCB-FD6C4400602A}.Release|Any CPU.Build.0 = Release|Any CPU
	EndGlobalSection
	GlobalSection(SolutionProperties) = preSolution
		HideSolutionNode = FALSE
	EndGlobalSection
	GlobalSection(ExtensibilityGlobals) = postSolution
		SolutionGuid = {C2FF52B9-CF02-44B2-9931-38700000823A}
	EndGlobalSection
EndGlobal
